
Microsoft Visual Studio Solution File, Format Version 12.00
# Visual Studio Version 17
VisualStudioVersion = 17.3.32922.545
MinimumVisualStudioVersion = 10.0.40219.1
Project("{FAE04EC0-301F-11D3-BF4B-00C04F79EFBC}") = "Postagram", "Postagram.csproj", "{4D143FAF-C8D6-4A23-A847-C4556FE192AA}"
EndProject
Global
	GlobalSection(SolutionConfigurationPlatforms) = preSolution
		Debug|Any CPU = Debug|Any CPU
		Release|Any CPU = Release|Any CPU
	EndGlobalSection
	GlobalSection(ProjectConfigurationPlatforms) = postSolution
		{4D143FAF-C8D6-4A23-A847-C4556FE192AA}.Debug|Any CPU.ActiveCfg = Debug|Any CPU
		{4D143FAF-C8D6-4A23-A847-C4556FE192AA}.Debug|Any CPU.Build.0 = Debug|Any CPU
		{4D143FAF-C8D6-4A23-A847-C4556FE192AA}.Release|Any CPU.ActiveCfg = Release|Any CPU
		{4D143FAF-C8D6-4A23-A847-C4556FE192AA}.Release|Any CPU.Build.0 = Release|Any CPU
	EndGlobalSection
	GlobalSection(SolutionProperties) = preSolution
		HideSolutionNode = FALSE
	EndGlobalSection
	GlobalSection(ExtensibilityGlobals) = postSolution
		SolutionGuid = {B6953969-B61C-4D07-8948-D05140DFFFCA}
	EndGlobalSection
EndGlobal
